
Microsoft Visual Studio Solution File, Format Version 12.00
# Visual Studio Version 17
VisualStudioVersion = 17.8.34309.116
MinimumVisualStudioVersion = 10.0.40219.1
Project("{9A19103F-16F7-4668-BE54-9A1E7A4F7556}") = "Net9.BinaryFormatter", "Net9.BinaryFormatter\Net9.BinaryFormatter.csproj", "{57E7EA93-522B-4A84-9D79-DD2420EB4C2B}"
EndProject
Project("{9A19103F-16F7-4668-BE54-9A1E7A4F7556}") = "Net9.test", "Net9.test\Net9.test.csproj", "{BD0B6817-2C82-48BA-801A-EEDC2C184D14}"
EndProject
Project("{9A19103F-16F7-4668-BE54-9A1E7A4F7556}") = "Net9.BFTest", "Net9.BFTest\Net9.BFTest.csproj", "{D840BA1F-7733-4B67-9386-5C8771AE253F}"
EndProject
Project("{9A19103F-16F7-4668-BE54-9A1E7A4F7556}") = "Net9.Tests", "Net9.Tests\Net9.Tests.csproj", "{79AB2589-ED4D-4B9F-8317-3AC9A182B797}"
EndProject
Global
	GlobalSection(SolutionConfigurationPlatforms) = preSolution
		Debug|Any CPU = Debug|Any CPU
		Release|Any CPU = Release|Any CPU
	EndGlobalSection
	GlobalSection(ProjectConfigurationPlatforms) = postSolution
		{57E7EA93-522B-4A84-9D79-DD2420EB4C2B}.Debug|Any CPU.ActiveCfg = Debug|Any CPU
		{57E7EA93-522B-4A84-9D79-DD2420EB4C2B}.Debug|Any CPU.Build.0 = Debug|Any CPU
		{57E7EA93-522B-4A84-9D79-DD2420EB4C2B}.Release|Any CPU.ActiveCfg = Release|Any CPU
		{57E7EA93-522B-4A84-9D79-DD2420EB4C2B}.Release|Any CPU.Build.0 = Release|Any CPU
		{BD0B6817-2C82-48BA-801A-EEDC2C184D14}.Debug|Any CPU.ActiveCfg = Debug|Any CPU
		{BD0B6817-2C82-48BA-801A-EEDC2C184D14}.Debug|Any CPU.Build.0 = Debug|Any CPU
		{BD0B6817-2C82-48BA-801A-EEDC2C184D14}.Release|Any CPU.ActiveCfg = Release|Any CPU
		{BD0B6817-2C82-48BA-801A-EEDC2C184D14}.Release|Any CPU.Build.0 = Release|Any CPU
		{D840BA1F-7733-4B67-9386-5C8771AE253F}.Debug|Any CPU.ActiveCfg = Debug|Any CPU
		{D840BA1F-7733-4B67-9386-5C8771AE253F}.Debug|Any CPU.Build.0 = Debug|Any CPU
		{D840BA1F-7733-4B67-9386-5C8771AE253F}.Release|Any CPU.ActiveCfg = Release|Any CPU
		{D840BA1F-7733-4B67-9386-5C8771AE253F}.Release|Any CPU.Build.0 = Release|Any CPU
		{79AB2589-ED4D-4B9F-8317-3AC9A182B797}.Debug|Any CPU.ActiveCfg = Debug|Any CPU
		{79AB2589-ED4D-4B9F-8317-3AC9A182B797}.Debug|Any CPU.Build.0 = Debug|Any CPU
		{79AB2589-ED4D-4B9F-8317-3AC9A182B797}.Release|Any CPU.ActiveCfg = Release|Any CPU
		{79AB2589-ED4D-4B9F-8317-3AC9A182B797}.Release|Any CPU.Build.0 = Release|Any CPU
	EndGlobalSection
	GlobalSection(SolutionProperties) = preSolution
		HideSolutionNode = FALSE
	EndGlobalSection
	GlobalSection(ExtensibilityGlobals) = postSolution
		SolutionGuid = {94115850-EAEE-4269-8138-F56ADA71A573}
	EndGlobalSection
EndGlobal
